
Microsoft Visual Studio Solution File, Format Version 12.00
# Visual Studio Version 17
VisualStudioVersion = 17.4.33403.182
MinimumVisualStudioVersion = 10.0.40219.1
Project("{9A19103F-16F7-4668-BE54-9A1E7A4F7556}") = "First", "First\First.csproj", "{0135C189-2D04-4F74-B1B7-257408B68367}"
EndProject
Project("{9A19103F-16F7-4668-BE54-9A1E7A4F7556}") = "Muster brief", "Muster brief\Muster brief.csproj", "{E3569448-A30B-451D-9FF3-DEC3BDAF5B9B}"
EndProject
Project("{9A19103F-16F7-4668-BE54-9A1E7A4F7556}") = "testguis", "testguis\testguis\testguis.csproj", "{D6E25EE0-AF42-408F-B306-F15941F6E6B5}"
EndProject
Project("{FAE04EC0-301F-11D3-BF4B-00C04F79EFBC}") = "myFirst", "myFirst\myFirst.csproj", "{9B5E0729-B6CD-4D23-ACCB-DF76104E783E}"
EndProject
Project("{FAE04EC0-301F-11D3-BF4B-00C04F79EFBC}") = "DateTime", "DateTime\DateTime.csproj", "{68D868F8-C1AE-4F2B-AB80-ECE9ED89C3E5}"
EndProject
Project("{FAE04EC0-301F-11D3-BF4B-00C04F79EFBC}") = "edabit", "edabit\edabit.csproj", "{69F9F577-D5BE-4740-9940-E4C3F9DFE643}"
EndProject
Project("{FAE04EC0-301F-11D3-BF4B-00C04F79EFBC}") = "WpfApp1", "WpfApp1\WpfApp1.csproj", "{870C1915-5ADC-47A7-B58C-E690E7AFA843}"
EndProject
Project("{FAE04EC0-301F-11D3-BF4B-00C04F79EFBC}") = "Statistik", "Statistik\Statistik.csproj", "{C69B21AF-6119-408A-A367-EB7CFE0190D0}"
EndProject
Project("{FAE04EC0-301F-11D3-BF4B-00C04F79EFBC}") = "Zeichnen", "Zeichnen\Zeichnen.csproj", "{FDD73237-8989-406D-B78A-70D14F8604A7}"
EndProject
Project("{FAE04EC0-301F-11D3-BF4B-00C04F79EFBC}") = "Zeichnen 2", "Zeichnen 2\Zeichnen 2.csproj", "{F44C5139-94B7-4486-9BF6-D34650F44552}"
EndProject
Project("{FAE04EC0-301F-11D3-BF4B-00C04F79EFBC}") = "GRID", "GRID\GRID.csproj", "{8F473991-14DA-4991-955F-A9F194F0C0B7}"
EndProject
Global
	GlobalSection(SolutionConfigurationPlatforms) = preSolution
		Debug|Any CPU = Debug|Any CPU
		Release|Any CPU = Release|Any CPU
	EndGlobalSection
	GlobalSection(ProjectConfigurationPlatforms) = postSolution
		{0135C189-2D04-4F74-B1B7-257408B68367}.Debug|Any CPU.ActiveCfg = Debug|Any CPU
		{0135C189-2D04-4F74-B1B7-257408B68367}.Debug|Any CPU.Build.0 = Debug|Any CPU
		{0135C189-2D04-4F74-B1B7-257408B68367}.Release|Any CPU.ActiveCfg = Release|Any CPU
		{0135C189-2D04-4F74-B1B7-257408B68367}.Release|Any CPU.Build.0 = Release|Any CPU
		{E3569448-A30B-451D-9FF3-DEC3BDAF5B9B}.Debug|Any CPU.ActiveCfg = Debug|Any CPU
		{E3569448-A30B-451D-9FF3-DEC3BDAF5B9B}.Debug|Any CPU.Build.0 = Debug|Any CPU
		{E3569448-A30B-451D-9FF3-DEC3BDAF5B9B}.Release|Any CPU.ActiveCfg = Release|Any CPU
		{E3569448-A30B-451D-9FF3-DEC3BDAF5B9B}.Release|Any CPU.Build.0 = Release|Any CPU
		{D6E25EE0-AF42-408F-B306-F15941F6E6B5}.Debug|Any CPU.ActiveCfg = Debug|Any CPU
		{D6E25EE0-AF42-408F-B306-F15941F6E6B5}.Debug|Any CPU.Build.0 = Debug|Any CPU
		{D6E25EE0-AF42-408F-B306-F15941F6E6B5}.Release|Any CPU.ActiveCfg = Release|Any CPU
		{D6E25EE0-AF42-408F-B306-F15941F6E6B5}.Release|Any CPU.Build.0 = Release|Any CPU
		{9B5E0729-B6CD-4D23-ACCB-DF76104E783E}.Debug|Any CPU.ActiveCfg = Debug|Any CPU
		{9B5E0729-B6CD-4D23-ACCB-DF76104E783E}.Debug|Any CPU.Build.0 = Debug|Any CPU
		{9B5E0729-B6CD-4D23-ACCB-DF76104E783E}.Release|Any CPU.ActiveCfg = Release|Any CPU
		{9B5E0729-B6CD-4D23-ACCB-DF76104E783E}.Release|Any CPU.Build.0 = Release|Any CPU
		{68D868F8-C1AE-4F2B-AB80-ECE9ED89C3E5}.Debug|Any CPU.ActiveCfg = Debug|Any CPU
		{68D868F8-C1AE-4F2B-AB80-ECE9ED89C3E5}.Debug|Any CPU.Build.0 = Debug|Any CPU
		{68D868F8-C1AE-4F2B-AB80-ECE9ED89C3E5}.Release|Any CPU.ActiveCfg = Release|Any CPU
		{68D868F8-C1AE-4F2B-AB80-ECE9ED89C3E5}.Release|Any CPU.Build.0 = Release|Any CPU
		{69F9F577-D5BE-4740-9940-E4C3F9DFE643}.Debug|Any CPU.ActiveCfg = Debug|Any CPU
		{69F9F577-D5BE-4740-9940-E4C3F9DFE643}.Debug|Any CPU.Build.0 = Debug|Any CPU
		{69F9F577-D5BE-4740-9940-E4C3F9DFE643}.Release|Any CPU.ActiveCfg = Release|Any CPU
		{69F9F577-D5BE-4740-9940-E4C3F9DFE643}.Release|Any CPU.Build.0 = Release|Any CPU
		{870C1915-5ADC-47A7-B58C-E690E7AFA843}.Debug|Any CPU.ActiveCfg = Debug|Any CPU
		{870C1915-5ADC-47A7-B58C-E690E7AFA843}.Debug|Any CPU.Build.0 = Debug|Any CPU
		{870C1915-5ADC-47A7-B58C-E690E7AFA843}.Release|Any CPU.ActiveCfg = Release|Any CPU
		{870C1915-5ADC-47A7-B58C-E690E7AFA843}.Release|Any CPU.Build.0 = Release|Any CPU
		{C69B21AF-6119-408A-A367-EB7CFE0190D0}.Debug|Any CPU.ActiveCfg = Debug|Any CPU
		{C69B21AF-6119-408A-A367-EB7CFE0190D0}.Debug|Any CPU.Build.0 = Debug|Any CPU
		{C69B21AF-6119-408A-A367-EB7CFE0190D0}.Release|Any CPU.ActiveCfg = Release|Any CPU
		{C69B21AF-6119-408A-A367-EB7CFE0190D0}.Release|Any CPU.Build.0 = Release|Any CPU
		{FDD73237-8989-406D-B78A-70D14F8604A7}.Debug|Any CPU.ActiveCfg = Debug|Any CPU
		{FDD73237-8989-406D-B78A-70D14F8604A7}.Debug|Any CPU.Build.0 = Debug|Any CPU
		{FDD73237-8989-406D-B78A-70D14F8604A7}.Release|Any CPU.ActiveCfg = Release|Any CPU
		{FDD73237-8989-406D-B78A-70D14F8604A7}.Release|Any CPU.Build.0 = Release|Any CPU
		{F44C5139-94B7-4486-9BF6-D34650F44552}.Debug|Any CPU.ActiveCfg = Debug|Any CPU
		{F44C5139-94B7-4486-9BF6-D34650F44552}.Debug|Any CPU.Build.0 = Debug|Any CPU
		{F44C5139-94B7-4486-9BF6-D34650F44552}.Release|Any CPU.ActiveCfg = Release|Any CPU
		{F44C5139-94B7-4486-9BF6-D34650F44552}.Release|Any CPU.Build.0 = Release|Any CPU
		{8F473991-14DA-4991-955F-A9F194F0C0B7}.Debug|Any CPU.ActiveCfg = Debug|Any CPU
		{8F473991-14DA-4991-955F-A9F194F0C0B7}.Debug|Any CPU.Build.0 = Debug|Any CPU
		{8F473991-14DA-4991-955F-A9F194F0C0B7}.Release|Any CPU.ActiveCfg = Release|Any CPU
		{8F473991-14DA-4991-955F-A9F194F0C0B7}.Release|Any CPU.Build.0 = Release|Any CPU
	EndGlobalSection
	GlobalSection(SolutionProperties) = preSolution
		HideSolutionNode = FALSE
	EndGlobalSection
	GlobalSection(ExtensibilityGlobals) = postSolution
		SolutionGuid = {B169713C-1E48-4A6D-A1BE-BF5BA6A664D7}
	EndGlobalSection
EndGlobal
